
Microsoft Visual Studio Solution File, Format Version 12.00
# Visual Studio 15
VisualStudioVersion = 15.0.26430.14
MinimumVisualStudioVersion = 10.0.40219.1
Project("{FAE04EC0-301F-11D3-BF4B-00C04F79EFBC}") = "ConsoleRunner", "ConsoleRunner\ConsoleRunner.csproj", "{B7DFA9BB-0815-4DE2-982A-E88DAA77E336}"
	ProjectSection(ProjectDependencies) = postProject
		{EC288A92-A658-4BEF-872B-6775A191D835} = {EC288A92-A658-4BEF-872B-6775A191D835}
	EndProjectSection
EndProject
Project("{FAE04EC0-301F-11D3-BF4B-00C04F79EFBC}") = "NextGenSpice", "NextGenSpice\NextGenSpice.csproj", "{117D8BDB-ABEF-4EF3-8CFB-98A6F4094146}"
	ProjectSection(ProjectDependencies) = postProject
		{EC288A92-A658-4BEF-872B-6775A191D835} = {EC288A92-A658-4BEF-872B-6775A191D835}
	EndProjectSection
EndProject
Project("{8BC9CEB8-8B4A-11D0-8D11-00A0C91BC942}") = "NumericCore", "NumericCore\NumericCore.vcxproj", "{EC288A92-A658-4BEF-872B-6775A191D835}"
EndProject
Project("{9A19103F-16F7-4668-BE54-9A1E7A4F7556}") = "Numerics", "Numerics\Numerics.csproj", "{A5D55BE1-7E04-4E6A-8F2E-34E1D9109100}"
EndProject
Project("{FAE04EC0-301F-11D3-BF4B-00C04F79EFBC}") = "NextGenSpiceTests", "NextGenSpiceTests\NextGenSpiceTests.csproj", "{FEDA8201-4BA8-458C-B3C9-4E181058B2F9}"
EndProject
Global
	GlobalSection(SolutionConfigurationPlatforms) = preSolution
		Debug|Any CPU = Debug|Any CPU
		Debug|x64 = Debug|x64
		Debug|x86 = Debug|x86
		Release|Any CPU = Release|Any CPU
		Release|x64 = Release|x64
		Release|x86 = Release|x86
	EndGlobalSection
	GlobalSection(ProjectConfigurationPlatforms) = postSolution
		{B7DFA9BB-0815-4DE2-982A-E88DAA77E336}.Debug|Any CPU.ActiveCfg = Debug|Any CPU
		{B7DFA9BB-0815-4DE2-982A-E88DAA77E336}.Debug|Any CPU.Build.0 = Debug|Any CPU
		{B7DFA9BB-0815-4DE2-982A-E88DAA77E336}.Debug|x64.ActiveCfg = Debug|Any CPU
		{B7DFA9BB-0815-4DE2-982A-E88DAA77E336}.Debug|x64.Build.0 = Debug|Any CPU
		{B7DFA9BB-0815-4DE2-982A-E88DAA77E336}.Debug|x86.ActiveCfg = Debug|Any CPU
		{B7DFA9BB-0815-4DE2-982A-E88DAA77E336}.Debug|x86.Build.0 = Debug|Any CPU
		{B7DFA9BB-0815-4DE2-982A-E88DAA77E336}.Release|Any CPU.ActiveCfg = Release|Any CPU
		{B7DFA9BB-0815-4DE2-982A-E88DAA77E336}.Release|Any CPU.Build.0 = Release|Any CPU
		{B7DFA9BB-0815-4DE2-982A-E88DAA77E336}.Release|x64.ActiveCfg = Release|Any CPU
		{B7DFA9BB-0815-4DE2-982A-E88DAA77E336}.Release|x64.Build.0 = Release|Any CPU
		{B7DFA9BB-0815-4DE2-982A-E88DAA77E336}.Release|x86.ActiveCfg = Release|Any CPU
		{B7DFA9BB-0815-4DE2-982A-E88DAA77E336}.Release|x86.Build.0 = Release|Any CPU
		{117D8BDB-ABEF-4EF3-8CFB-98A6F4094146}.Debug|Any CPU.ActiveCfg = Debug|Any CPU
		{117D8BDB-ABEF-4EF3-8CFB-98A6F4094146}.Debug|Any CPU.Build.0 = Debug|Any CPU
		{117D8BDB-ABEF-4EF3-8CFB-98A6F4094146}.Debug|x64.ActiveCfg = Debug|Any CPU
		{117D8BDB-ABEF-4EF3-8CFB-98A6F4094146}.Debug|x64.Build.0 = Debug|Any CPU
		{117D8BDB-ABEF-4EF3-8CFB-98A6F4094146}.Debug|x86.ActiveCfg = Debug|Any CPU
		{117D8BDB-ABEF-4EF3-8CFB-98A6F4094146}.Debug|x86.Build.0 = Debug|Any CPU
		{117D8BDB-ABEF-4EF3-8CFB-98A6F4094146}.Release|Any CPU.ActiveCfg = Release|Any CPU
		{117D8BDB-ABEF-4EF3-8CFB-98A6F4094146}.Release|Any CPU.Build.0 = Release|Any CPU
		{117D8BDB-ABEF-4EF3-8CFB-98A6F4094146}.Release|x64.ActiveCfg = Release|Any CPU
		{117D8BDB-ABEF-4EF3-8CFB-98A6F4094146}.Release|x64.Build.0 = Release|Any CPU
		{117D8BDB-ABEF-4EF3-8CFB-98A6F4094146}.Release|x86.ActiveCfg = Release|Any CPU
		{117D8BDB-ABEF-4EF3-8CFB-98A6F4094146}.Release|x86.Build.0 = Release|Any CPU
		{EC288A92-A658-4BEF-872B-6775A191D835}.Debug|Any CPU.ActiveCfg = Debug|Win32
		{EC288A92-A658-4BEF-872B-6775A191D835}.Debug|x64.ActiveCfg = Debug|x64
		{EC288A92-A658-4BEF-872B-6775A191D835}.Debug|x64.Build.0 = Debug|x64
		{EC288A92-A658-4BEF-872B-6775A191D835}.Debug|x86.ActiveCfg = Debug|Win32
		{EC288A92-A658-4BEF-872B-6775A191D835}.Debug|x86.Build.0 = Debug|Win32
		{EC288A92-A658-4BEF-872B-6775A191D835}.Release|Any CPU.ActiveCfg = Release|Win32
		{EC288A92-A658-4BEF-872B-6775A191D835}.Release|x64.ActiveCfg = Release|x64
		{EC288A92-A658-4BEF-872B-6775A191D835}.Release|x64.Build.0 = Release|x64
		{EC288A92-A658-4BEF-872B-6775A191D835}.Release|x86.ActiveCfg = Release|Win32
		{EC288A92-A658-4BEF-872B-6775A191D835}.Release|x86.Build.0 = Release|Win32
		{A5D55BE1-7E04-4E6A-8F2E-34E1D9109100}.Debug|Any CPU.ActiveCfg = Debug|Any CPU
		{A5D55BE1-7E04-4E6A-8F2E-34E1D9109100}.Debug|Any CPU.Build.0 = Debug|Any CPU
		{A5D55BE1-7E04-4E6A-8F2E-34E1D9109100}.Debug|x64.ActiveCfg = Debug|Any CPU
		{A5D55BE1-7E04-4E6A-8F2E-34E1D9109100}.Debug|x64.Build.0 = Debug|Any CPU
		{A5D55BE1-7E04-4E6A-8F2E-34E1D9109100}.Debug|x86.ActiveCfg = Debug|Any CPU
		{A5D55BE1-7E04-4E6A-8F2E-34E1D9109100}.Debug|x86.Build.0 = Debug|Any CPU
		{A5D55BE1-7E04-4E6A-8F2E-34E1D9109100}.Release|Any CPU.ActiveCfg = Release|Any CPU
		{A5D55BE1-7E04-4E6A-8F2E-34E1D9109100}.Release|Any CPU.Build.0 = Release|Any CPU
		{A5D55BE1-7E04-4E6A-8F2E-34E1D9109100}.Release|x64.ActiveCfg = Release|Any CPU
		{A5D55BE1-7E04-4E6A-8F2E-34E1D9109100}.Release|x64.Build.0 = Release|Any CPU
		{A5D55BE1-7E04-4E6A-8F2E-34E1D9109100}.Release|x86.ActiveCfg = Release|Any CPU
		{A5D55BE1-7E04-4E6A-8F2E-34E1D9109100}.Release|x86.Build.0 = Release|Any CPU
		{FEDA8201-4BA8-458C-B3C9-4E181058B2F9}.Debug|Any CPU.ActiveCfg = Debug|Any CPU
		{FEDA8201-4BA8-458C-B3C9-4E181058B2F9}.Debug|Any CPU.Build.0 = Debug|Any CPU
		{FEDA8201-4BA8-458C-B3C9-4E181058B2F9}.Debug|x64.ActiveCfg = Debug|Any CPU
		{FEDA8201-4BA8-458C-B3C9-4E181058B2F9}.Debug|x64.Build.0 = Debug|Any CPU
		{FEDA8201-4BA8-458C-B3C9-4E181058B2F9}.Debug|x86.ActiveCfg = Debug|Any CPU
		{FEDA8201-4BA8-458C-B3C9-4E181058B2F9}.Debug|x86.Build.0 = Debug|Any CPU
		{FEDA8201-4BA8-458C-B3C9-4E181058B2F9}.Release|Any CPU.ActiveCfg = Release|Any CPU
		{FEDA8201-4BA8-458C-B3C9-4E181058B2F9}.Release|Any CPU.Build.0 = Release|Any CPU
		{FEDA8201-4BA8-458C-B3C9-4E181058B2F9}.Release|x64.ActiveCfg = Release|Any CPU
		{FEDA8201-4BA8-458C-B3C9-4E181058B2F9}.Release|x64.Build.0 = Release|Any CPU
		{FEDA8201-4BA8-458C-B3C9-4E181058B2F9}.Release|x86.ActiveCfg = Release|Any CPU
		{FEDA8201-4BA8-458C-B3C9-4E181058B2F9}.Release|x86.Build.0 = Release|Any CPU
	EndGlobalSection
	GlobalSection(SolutionProperties) = preSolution
		HideSolutionNode = FALSE
	EndGlobalSection
EndGlobal
