
Microsoft Visual Studio Solution File, Format Version 12.00
# Visual Studio 15
VisualStudioVersion = 15.0.27130.2027
MinimumVisualStudioVersion = 10.0.40219.1
Project("{9A19103F-16F7-4668-BE54-9A1E7A4F7556}") = "NextGenSpice", "NextGenSpice\NextGenSpice.csproj", "{887CA09B-791A-4786-B8EF-8360A4EF29FE}"
EndProject
Project("{9A19103F-16F7-4668-BE54-9A1E7A4F7556}") = "NextGenSpice.Core", "NextGenSpice.Core\NextGenSpice.Core.csproj", "{B59FE654-48B0-4A09-B273-D5F26739CBE7}"
EndProject
Project("{9A19103F-16F7-4668-BE54-9A1E7A4F7556}") = "NextGenSpice.LargeSignal", "NextGenSpice.LargeSignal\NextGenSpice.LargeSignal.csproj", "{F2CA4E90-E99B-4E8D-81F6-EEDC121CBC26}"
EndProject
Project("{9A19103F-16F7-4668-BE54-9A1E7A4F7556}") = "NextGenSpiceTest", "NextGenSpiceTest\NextGenSpiceTest.csproj", "{6496C20F-B890-4045-907E-DC8D15334FE2}"
EndProject
Project("{9A19103F-16F7-4668-BE54-9A1E7A4F7556}") = "SandboxRunner", "SandboxRunner\SandboxRunner.csproj", "{8383357E-8228-41BC-BADD-CA6382961F7B}"
EndProject
Project("{9A19103F-16F7-4668-BE54-9A1E7A4F7556}") = "NextGenSpiceParserTest", "NextGenSpiceParserTest\NextGenSpiceParserTest.csproj", "{4FF6D196-B1A1-4DBD-9EF1-814A1C30EFAD}"
EndProject
Project("{8BC9CEB8-8B4A-11D0-8D11-00A0C91BC942}") = "NextGenSpice.Numerics.Native", "NextGenSpice.Numerics.Native\NextGenSpice.Numerics.Native.vcxproj", "{B5F06554-21B8-4026-950C-C50D2493D89B}"
EndProject
Project("{9A19103F-16F7-4668-BE54-9A1E7A4F7556}") = "NextGenSpice.Numerics", "NextGenSpice.Numerics\NextGenSpice.Numerics.csproj", "{E7F7E735-73B9-43F6-BEAE-6E6CCF3D2810}"
EndProject
Global
	GlobalSection(SolutionConfigurationPlatforms) = preSolution
		Debug|Any CPU = Debug|Any CPU
		Debug|x64 = Debug|x64
		Debug|x86 = Debug|x86
		Release|Any CPU = Release|Any CPU
		Release|x64 = Release|x64
		Release|x86 = Release|x86
	EndGlobalSection
	GlobalSection(ProjectConfigurationPlatforms) = postSolution
		{887CA09B-791A-4786-B8EF-8360A4EF29FE}.Debug|Any CPU.ActiveCfg = Debug|Any CPU
		{887CA09B-791A-4786-B8EF-8360A4EF29FE}.Debug|Any CPU.Build.0 = Debug|Any CPU
		{887CA09B-791A-4786-B8EF-8360A4EF29FE}.Debug|x64.ActiveCfg = Debug|Any CPU
		{887CA09B-791A-4786-B8EF-8360A4EF29FE}.Debug|x64.Build.0 = Debug|Any CPU
		{887CA09B-791A-4786-B8EF-8360A4EF29FE}.Debug|x86.ActiveCfg = Debug|Any CPU
		{887CA09B-791A-4786-B8EF-8360A4EF29FE}.Debug|x86.Build.0 = Debug|Any CPU
		{887CA09B-791A-4786-B8EF-8360A4EF29FE}.Release|Any CPU.ActiveCfg = Release|Any CPU
		{887CA09B-791A-4786-B8EF-8360A4EF29FE}.Release|Any CPU.Build.0 = Release|Any CPU
		{887CA09B-791A-4786-B8EF-8360A4EF29FE}.Release|x64.ActiveCfg = Release|Any CPU
		{887CA09B-791A-4786-B8EF-8360A4EF29FE}.Release|x64.Build.0 = Release|Any CPU
		{887CA09B-791A-4786-B8EF-8360A4EF29FE}.Release|x86.ActiveCfg = Release|Any CPU
		{887CA09B-791A-4786-B8EF-8360A4EF29FE}.Release|x86.Build.0 = Release|Any CPU
		{B59FE654-48B0-4A09-B273-D5F26739CBE7}.Debug|Any CPU.ActiveCfg = Debug|Any CPU
		{B59FE654-48B0-4A09-B273-D5F26739CBE7}.Debug|Any CPU.Build.0 = Debug|Any CPU
		{B59FE654-48B0-4A09-B273-D5F26739CBE7}.Debug|x64.ActiveCfg = Debug|Any CPU
		{B59FE654-48B0-4A09-B273-D5F26739CBE7}.Debug|x64.Build.0 = Debug|Any CPU
		{B59FE654-48B0-4A09-B273-D5F26739CBE7}.Debug|x86.ActiveCfg = Debug|Any CPU
		{B59FE654-48B0-4A09-B273-D5F26739CBE7}.Debug|x86.Build.0 = Debug|Any CPU
		{B59FE654-48B0-4A09-B273-D5F26739CBE7}.Release|Any CPU.ActiveCfg = Release|Any CPU
		{B59FE654-48B0-4A09-B273-D5F26739CBE7}.Release|Any CPU.Build.0 = Release|Any CPU
		{B59FE654-48B0-4A09-B273-D5F26739CBE7}.Release|x64.ActiveCfg = Release|Any CPU
		{B59FE654-48B0-4A09-B273-D5F26739CBE7}.Release|x64.Build.0 = Release|Any CPU
		{B59FE654-48B0-4A09-B273-D5F26739CBE7}.Release|x86.ActiveCfg = Release|Any CPU
		{B59FE654-48B0-4A09-B273-D5F26739CBE7}.Release|x86.Build.0 = Release|Any CPU
		{F2CA4E90-E99B-4E8D-81F6-EEDC121CBC26}.Debug|Any CPU.ActiveCfg = Debug|Any CPU
		{F2CA4E90-E99B-4E8D-81F6-EEDC121CBC26}.Debug|Any CPU.Build.0 = Debug|Any CPU
		{F2CA4E90-E99B-4E8D-81F6-EEDC121CBC26}.Debug|x64.ActiveCfg = Debug|Any CPU
		{F2CA4E90-E99B-4E8D-81F6-EEDC121CBC26}.Debug|x64.Build.0 = Debug|Any CPU
		{F2CA4E90-E99B-4E8D-81F6-EEDC121CBC26}.Debug|x86.ActiveCfg = Debug|Any CPU
		{F2CA4E90-E99B-4E8D-81F6-EEDC121CBC26}.Debug|x86.Build.0 = Debug|Any CPU
		{F2CA4E90-E99B-4E8D-81F6-EEDC121CBC26}.Release|Any CPU.ActiveCfg = Release|Any CPU
		{F2CA4E90-E99B-4E8D-81F6-EEDC121CBC26}.Release|Any CPU.Build.0 = Release|Any CPU
		{F2CA4E90-E99B-4E8D-81F6-EEDC121CBC26}.Release|x64.ActiveCfg = Release|Any CPU
		{F2CA4E90-E99B-4E8D-81F6-EEDC121CBC26}.Release|x64.Build.0 = Release|Any CPU
		{F2CA4E90-E99B-4E8D-81F6-EEDC121CBC26}.Release|x86.ActiveCfg = Release|Any CPU
		{F2CA4E90-E99B-4E8D-81F6-EEDC121CBC26}.Release|x86.Build.0 = Release|Any CPU
		{6496C20F-B890-4045-907E-DC8D15334FE2}.Debug|Any CPU.ActiveCfg = Debug|Any CPU
		{6496C20F-B890-4045-907E-DC8D15334FE2}.Debug|Any CPU.Build.0 = Debug|Any CPU
		{6496C20F-B890-4045-907E-DC8D15334FE2}.Debug|x64.ActiveCfg = Debug|Any CPU
		{6496C20F-B890-4045-907E-DC8D15334FE2}.Debug|x64.Build.0 = Debug|Any CPU
		{6496C20F-B890-4045-907E-DC8D15334FE2}.Debug|x86.ActiveCfg = Debug|Any CPU
		{6496C20F-B890-4045-907E-DC8D15334FE2}.Debug|x86.Build.0 = Debug|Any CPU
		{6496C20F-B890-4045-907E-DC8D15334FE2}.Release|Any CPU.ActiveCfg = Release|Any CPU
		{6496C20F-B890-4045-907E-DC8D15334FE2}.Release|Any CPU.Build.0 = Release|Any CPU
		{6496C20F-B890-4045-907E-DC8D15334FE2}.Release|x64.ActiveCfg = Release|Any CPU
		{6496C20F-B890-4045-907E-DC8D15334FE2}.Release|x64.Build.0 = Release|Any CPU
		{6496C20F-B890-4045-907E-DC8D15334FE2}.Release|x86.ActiveCfg = Release|Any CPU
		{6496C20F-B890-4045-907E-DC8D15334FE2}.Release|x86.Build.0 = Release|Any CPU
		{8383357E-8228-41BC-BADD-CA6382961F7B}.Debug|Any CPU.ActiveCfg = Debug|Any CPU
		{8383357E-8228-41BC-BADD-CA6382961F7B}.Debug|Any CPU.Build.0 = Debug|Any CPU
		{8383357E-8228-41BC-BADD-CA6382961F7B}.Debug|x64.ActiveCfg = Debug|Any CPU
		{8383357E-8228-41BC-BADD-CA6382961F7B}.Debug|x64.Build.0 = Debug|Any CPU
		{8383357E-8228-41BC-BADD-CA6382961F7B}.Debug|x86.ActiveCfg = Debug|Any CPU
		{8383357E-8228-41BC-BADD-CA6382961F7B}.Debug|x86.Build.0 = Debug|Any CPU
		{8383357E-8228-41BC-BADD-CA6382961F7B}.Release|Any CPU.ActiveCfg = Release|Any CPU
		{8383357E-8228-41BC-BADD-CA6382961F7B}.Release|Any CPU.Build.0 = Release|Any CPU
		{8383357E-8228-41BC-BADD-CA6382961F7B}.Release|x64.ActiveCfg = Release|Any CPU
		{8383357E-8228-41BC-BADD-CA6382961F7B}.Release|x64.Build.0 = Release|Any CPU
		{8383357E-8228-41BC-BADD-CA6382961F7B}.Release|x86.ActiveCfg = Release|Any CPU
		{8383357E-8228-41BC-BADD-CA6382961F7B}.Release|x86.Build.0 = Release|Any CPU
		{4FF6D196-B1A1-4DBD-9EF1-814A1C30EFAD}.Debug|Any CPU.ActiveCfg = Debug|Any CPU
		{4FF6D196-B1A1-4DBD-9EF1-814A1C30EFAD}.Debug|Any CPU.Build.0 = Debug|Any CPU
		{4FF6D196-B1A1-4DBD-9EF1-814A1C30EFAD}.Debug|x64.ActiveCfg = Debug|Any CPU
		{4FF6D196-B1A1-4DBD-9EF1-814A1C30EFAD}.Debug|x64.Build.0 = Debug|Any CPU
		{4FF6D196-B1A1-4DBD-9EF1-814A1C30EFAD}.Debug|x86.ActiveCfg = Debug|Any CPU
		{4FF6D196-B1A1-4DBD-9EF1-814A1C30EFAD}.Debug|x86.Build.0 = Debug|Any CPU
		{4FF6D196-B1A1-4DBD-9EF1-814A1C30EFAD}.Release|Any CPU.ActiveCfg = Release|Any CPU
		{4FF6D196-B1A1-4DBD-9EF1-814A1C30EFAD}.Release|Any CPU.Build.0 = Release|Any CPU
		{4FF6D196-B1A1-4DBD-9EF1-814A1C30EFAD}.Release|x64.ActiveCfg = Release|Any CPU
		{4FF6D196-B1A1-4DBD-9EF1-814A1C30EFAD}.Release|x64.Build.0 = Release|Any CPU
		{4FF6D196-B1A1-4DBD-9EF1-814A1C30EFAD}.Release|x86.ActiveCfg = Release|Any CPU
		{4FF6D196-B1A1-4DBD-9EF1-814A1C30EFAD}.Release|x86.Build.0 = Release|Any CPU
		{B5F06554-21B8-4026-950C-C50D2493D89B}.Debug|Any CPU.ActiveCfg = Debug|Win32
		{B5F06554-21B8-4026-950C-C50D2493D89B}.Debug|x64.ActiveCfg = Debug|x64
		{B5F06554-21B8-4026-950C-C50D2493D89B}.Debug|x64.Build.0 = Debug|x64
		{B5F06554-21B8-4026-950C-C50D2493D89B}.Debug|x86.ActiveCfg = Debug|Win32
		{B5F06554-21B8-4026-950C-C50D2493D89B}.Debug|x86.Build.0 = Debug|Win32
		{B5F06554-21B8-4026-950C-C50D2493D89B}.Release|Any CPU.ActiveCfg = Release|Win32
		{B5F06554-21B8-4026-950C-C50D2493D89B}.Release|x64.ActiveCfg = Release|x64
		{B5F06554-21B8-4026-950C-C50D2493D89B}.Release|x64.Build.0 = Release|x64
		{B5F06554-21B8-4026-950C-C50D2493D89B}.Release|x86.ActiveCfg = Release|Win32
		{B5F06554-21B8-4026-950C-C50D2493D89B}.Release|x86.Build.0 = Release|Win32
		{E7F7E735-73B9-43F6-BEAE-6E6CCF3D2810}.Debug|Any CPU.ActiveCfg = Debug|Any CPU
		{E7F7E735-73B9-43F6-BEAE-6E6CCF3D2810}.Debug|Any CPU.Build.0 = Debug|Any CPU
		{E7F7E735-73B9-43F6-BEAE-6E6CCF3D2810}.Debug|x64.ActiveCfg = Debug|Any CPU
		{E7F7E735-73B9-43F6-BEAE-6E6CCF3D2810}.Debug|x64.Build.0 = Debug|Any CPU
		{E7F7E735-73B9-43F6-BEAE-6E6CCF3D2810}.Debug|x86.ActiveCfg = Debug|Any CPU
		{E7F7E735-73B9-43F6-BEAE-6E6CCF3D2810}.Debug|x86.Build.0 = Debug|Any CPU
		{E7F7E735-73B9-43F6-BEAE-6E6CCF3D2810}.Release|Any CPU.ActiveCfg = Release|Any CPU
		{E7F7E735-73B9-43F6-BEAE-6E6CCF3D2810}.Release|Any CPU.Build.0 = Release|Any CPU
		{E7F7E735-73B9-43F6-BEAE-6E6CCF3D2810}.Release|x64.ActiveCfg = Release|Any CPU
		{E7F7E735-73B9-43F6-BEAE-6E6CCF3D2810}.Release|x64.Build.0 = Release|Any CPU
		{E7F7E735-73B9-43F6-BEAE-6E6CCF3D2810}.Release|x86.ActiveCfg = Release|Any CPU
		{E7F7E735-73B9-43F6-BEAE-6E6CCF3D2810}.Release|x86.Build.0 = Release|Any CPU
	EndGlobalSection
	GlobalSection(SolutionProperties) = preSolution
		HideSolutionNode = FALSE
	EndGlobalSection
	GlobalSection(ExtensibilityGlobals) = postSolution
		SolutionGuid = {650B592D-9E76-438E-84D3-8BA5D82B4318}
	EndGlobalSection
EndGlobal
