
Microsoft Visual Studio Solution File, Format Version 12.00
# Visual Studio 15
VisualStudioVersion = 15.0.27004.2005
MinimumVisualStudioVersion = 10.0.40219.1
Project("{FAE04EC0-301F-11D3-BF4B-00C04F79EFBC}") = "ConsoleRunner", "ConsoleRunner\ConsoleRunner.csproj", "{B7DFA9BB-0815-4DE2-982A-E88DAA77E336}"
	ProjectSection(ProjectDependencies) = postProject
		{EC288A92-A658-4BEF-872B-6775A191D835} = {EC288A92-A658-4BEF-872B-6775A191D835}
	EndProjectSection
EndProject
Project("{8BC9CEB8-8B4A-11D0-8D11-00A0C91BC942}") = "NumericCore", "NumericCore\NumericCore.vcxproj", "{EC288A92-A658-4BEF-872B-6775A191D835}"
EndProject
Project("{9A19103F-16F7-4668-BE54-9A1E7A4F7556}") = "NextGenSpice.LargeSignal", "NextGenSpice.LargeSignal\NextGenSpice.LargeSignal.csproj", "{17CBA17E-09A8-40E4-AA8E-E470F8FEB872}"
EndProject
Project("{FAE04EC0-301F-11D3-BF4B-00C04F79EFBC}") = "NextGenSpice.Core", "NextGenSpice.Core\NextGenSpice.Core.csproj", "{E653C48A-57AE-49CC-9A68-6FAD1565AD09}"
EndProject
Project("{FAE04EC0-301F-11D3-BF4B-00C04F79EFBC}") = "Numerics", "Numerics.Core\Numerics.csproj", "{B7906BF7-7089-4A8D-ABC2-B9E3E710195B}"
EndProject
Project("{FAE04EC0-301F-11D3-BF4B-00C04F79EFBC}") = "NextGenSpiceTest", "NextGenSpiceTest\NextGenSpiceTest.csproj", "{2190F378-63FF-4CAA-AA62-02A43D429135}"
EndProject
Global
	GlobalSection(SolutionConfigurationPlatforms) = preSolution
		Debug|Any CPU = Debug|Any CPU
		Debug|x64 = Debug|x64
		Debug|x86 = Debug|x86
		Release|Any CPU = Release|Any CPU
		Release|x64 = Release|x64
		Release|x86 = Release|x86
	EndGlobalSection
	GlobalSection(ProjectConfigurationPlatforms) = postSolution
		{B7DFA9BB-0815-4DE2-982A-E88DAA77E336}.Debug|Any CPU.ActiveCfg = Debug|Any CPU
		{B7DFA9BB-0815-4DE2-982A-E88DAA77E336}.Debug|Any CPU.Build.0 = Debug|Any CPU
		{B7DFA9BB-0815-4DE2-982A-E88DAA77E336}.Debug|x64.ActiveCfg = Debug|Any CPU
		{B7DFA9BB-0815-4DE2-982A-E88DAA77E336}.Debug|x64.Build.0 = Debug|Any CPU
		{B7DFA9BB-0815-4DE2-982A-E88DAA77E336}.Debug|x86.ActiveCfg = Debug|Any CPU
		{B7DFA9BB-0815-4DE2-982A-E88DAA77E336}.Debug|x86.Build.0 = Debug|Any CPU
		{B7DFA9BB-0815-4DE2-982A-E88DAA77E336}.Release|Any CPU.ActiveCfg = Release|Any CPU
		{B7DFA9BB-0815-4DE2-982A-E88DAA77E336}.Release|Any CPU.Build.0 = Release|Any CPU
		{B7DFA9BB-0815-4DE2-982A-E88DAA77E336}.Release|x64.ActiveCfg = Release|Any CPU
		{B7DFA9BB-0815-4DE2-982A-E88DAA77E336}.Release|x64.Build.0 = Release|Any CPU
		{B7DFA9BB-0815-4DE2-982A-E88DAA77E336}.Release|x86.ActiveCfg = Release|Any CPU
		{B7DFA9BB-0815-4DE2-982A-E88DAA77E336}.Release|x86.Build.0 = Release|Any CPU
		{EC288A92-A658-4BEF-872B-6775A191D835}.Debug|Any CPU.ActiveCfg = Debug|Win32
		{EC288A92-A658-4BEF-872B-6775A191D835}.Debug|x64.ActiveCfg = Debug|x64
		{EC288A92-A658-4BEF-872B-6775A191D835}.Debug|x64.Build.0 = Debug|x64
		{EC288A92-A658-4BEF-872B-6775A191D835}.Debug|x86.ActiveCfg = Debug|Win32
		{EC288A92-A658-4BEF-872B-6775A191D835}.Debug|x86.Build.0 = Debug|Win32
		{EC288A92-A658-4BEF-872B-6775A191D835}.Release|Any CPU.ActiveCfg = Release|Win32
		{EC288A92-A658-4BEF-872B-6775A191D835}.Release|x64.ActiveCfg = Release|x64
		{EC288A92-A658-4BEF-872B-6775A191D835}.Release|x64.Build.0 = Release|x64
		{EC288A92-A658-4BEF-872B-6775A191D835}.Release|x86.ActiveCfg = Release|Win32
		{EC288A92-A658-4BEF-872B-6775A191D835}.Release|x86.Build.0 = Release|Win32
		{17CBA17E-09A8-40E4-AA8E-E470F8FEB872}.Debug|Any CPU.ActiveCfg = Debug|Any CPU
		{17CBA17E-09A8-40E4-AA8E-E470F8FEB872}.Debug|Any CPU.Build.0 = Debug|Any CPU
		{17CBA17E-09A8-40E4-AA8E-E470F8FEB872}.Debug|x64.ActiveCfg = Debug|Any CPU
		{17CBA17E-09A8-40E4-AA8E-E470F8FEB872}.Debug|x64.Build.0 = Debug|Any CPU
		{17CBA17E-09A8-40E4-AA8E-E470F8FEB872}.Debug|x86.ActiveCfg = Debug|Any CPU
		{17CBA17E-09A8-40E4-AA8E-E470F8FEB872}.Debug|x86.Build.0 = Debug|Any CPU
		{17CBA17E-09A8-40E4-AA8E-E470F8FEB872}.Release|Any CPU.ActiveCfg = Release|Any CPU
		{17CBA17E-09A8-40E4-AA8E-E470F8FEB872}.Release|Any CPU.Build.0 = Release|Any CPU
		{17CBA17E-09A8-40E4-AA8E-E470F8FEB872}.Release|x64.ActiveCfg = Release|Any CPU
		{17CBA17E-09A8-40E4-AA8E-E470F8FEB872}.Release|x64.Build.0 = Release|Any CPU
		{17CBA17E-09A8-40E4-AA8E-E470F8FEB872}.Release|x86.ActiveCfg = Release|Any CPU
		{17CBA17E-09A8-40E4-AA8E-E470F8FEB872}.Release|x86.Build.0 = Release|Any CPU
		{E653C48A-57AE-49CC-9A68-6FAD1565AD09}.Debug|Any CPU.ActiveCfg = Debug|Any CPU
		{E653C48A-57AE-49CC-9A68-6FAD1565AD09}.Debug|Any CPU.Build.0 = Debug|Any CPU
		{E653C48A-57AE-49CC-9A68-6FAD1565AD09}.Debug|x64.ActiveCfg = Debug|Any CPU
		{E653C48A-57AE-49CC-9A68-6FAD1565AD09}.Debug|x64.Build.0 = Debug|Any CPU
		{E653C48A-57AE-49CC-9A68-6FAD1565AD09}.Debug|x86.ActiveCfg = Debug|Any CPU
		{E653C48A-57AE-49CC-9A68-6FAD1565AD09}.Debug|x86.Build.0 = Debug|Any CPU
		{E653C48A-57AE-49CC-9A68-6FAD1565AD09}.Release|Any CPU.ActiveCfg = Release|Any CPU
		{E653C48A-57AE-49CC-9A68-6FAD1565AD09}.Release|Any CPU.Build.0 = Release|Any CPU
		{E653C48A-57AE-49CC-9A68-6FAD1565AD09}.Release|x64.ActiveCfg = Release|Any CPU
		{E653C48A-57AE-49CC-9A68-6FAD1565AD09}.Release|x64.Build.0 = Release|Any CPU
		{E653C48A-57AE-49CC-9A68-6FAD1565AD09}.Release|x86.ActiveCfg = Release|Any CPU
		{E653C48A-57AE-49CC-9A68-6FAD1565AD09}.Release|x86.Build.0 = Release|Any CPU
		{B7906BF7-7089-4A8D-ABC2-B9E3E710195B}.Debug|Any CPU.ActiveCfg = Debug|Any CPU
		{B7906BF7-7089-4A8D-ABC2-B9E3E710195B}.Debug|Any CPU.Build.0 = Debug|Any CPU
		{B7906BF7-7089-4A8D-ABC2-B9E3E710195B}.Debug|x64.ActiveCfg = Debug|Any CPU
		{B7906BF7-7089-4A8D-ABC2-B9E3E710195B}.Debug|x64.Build.0 = Debug|Any CPU
		{B7906BF7-7089-4A8D-ABC2-B9E3E710195B}.Debug|x86.ActiveCfg = Debug|Any CPU
		{B7906BF7-7089-4A8D-ABC2-B9E3E710195B}.Debug|x86.Build.0 = Debug|Any CPU
		{B7906BF7-7089-4A8D-ABC2-B9E3E710195B}.Release|Any CPU.ActiveCfg = Release|Any CPU
		{B7906BF7-7089-4A8D-ABC2-B9E3E710195B}.Release|Any CPU.Build.0 = Release|Any CPU
		{B7906BF7-7089-4A8D-ABC2-B9E3E710195B}.Release|x64.ActiveCfg = Release|Any CPU
		{B7906BF7-7089-4A8D-ABC2-B9E3E710195B}.Release|x64.Build.0 = Release|Any CPU
		{B7906BF7-7089-4A8D-ABC2-B9E3E710195B}.Release|x86.ActiveCfg = Release|Any CPU
		{B7906BF7-7089-4A8D-ABC2-B9E3E710195B}.Release|x86.Build.0 = Release|Any CPU
		{2190F378-63FF-4CAA-AA62-02A43D429135}.Debug|Any CPU.ActiveCfg = Debug|Any CPU
		{2190F378-63FF-4CAA-AA62-02A43D429135}.Debug|Any CPU.Build.0 = Debug|Any CPU
		{2190F378-63FF-4CAA-AA62-02A43D429135}.Debug|x64.ActiveCfg = Debug|Any CPU
		{2190F378-63FF-4CAA-AA62-02A43D429135}.Debug|x64.Build.0 = Debug|Any CPU
		{2190F378-63FF-4CAA-AA62-02A43D429135}.Debug|x86.ActiveCfg = Debug|Any CPU
		{2190F378-63FF-4CAA-AA62-02A43D429135}.Debug|x86.Build.0 = Debug|Any CPU
		{2190F378-63FF-4CAA-AA62-02A43D429135}.Release|Any CPU.ActiveCfg = Release|Any CPU
		{2190F378-63FF-4CAA-AA62-02A43D429135}.Release|Any CPU.Build.0 = Release|Any CPU
		{2190F378-63FF-4CAA-AA62-02A43D429135}.Release|x64.ActiveCfg = Release|Any CPU
		{2190F378-63FF-4CAA-AA62-02A43D429135}.Release|x64.Build.0 = Release|Any CPU
		{2190F378-63FF-4CAA-AA62-02A43D429135}.Release|x86.ActiveCfg = Release|Any CPU
		{2190F378-63FF-4CAA-AA62-02A43D429135}.Release|x86.Build.0 = Release|Any CPU
	EndGlobalSection
	GlobalSection(SolutionProperties) = preSolution
		HideSolutionNode = FALSE
	EndGlobalSection
	GlobalSection(ExtensibilityGlobals) = postSolution
		SolutionGuid = {650B592D-9E76-438E-84D3-8BA5D82B4318}
	EndGlobalSection
EndGlobal
