
Microsoft Visual Studio Solution File, Format Version 12.00
# Visual Studio 15
VisualStudioVersion = 15.0.27703.2026
MinimumVisualStudioVersion = 10.0.40219.1
Project("{8BC9CEB8-8B4A-11D0-8D11-00A0C91BC942}") = "NextGenSpice.Numerics.Native", "src\NextGenSpice.Numerics.Native\NextGenSpice.Numerics.Native.vcxproj", "{B5F06554-21B8-4026-950C-C50D2493D89B}"
EndProject
Project("{9A19103F-16F7-4668-BE54-9A1E7A4F7556}") = "NextGenSpice.Core", "src\NextGenSpice.Core\NextGenSpice.Core.csproj", "{3307F045-138D-450B-9970-CFBBE1B64C12}"
EndProject
Project("{9A19103F-16F7-4668-BE54-9A1E7A4F7556}") = "NextGenSpice.LargeSignal", "src\NextGenSpice.LargeSignal\NextGenSpice.LargeSignal.csproj", "{C90D6EDB-05D6-47D5-A105-7183EF2745EC}"
EndProject
Project("{9A19103F-16F7-4668-BE54-9A1E7A4F7556}") = "NextGenSpice.Numerics", "src\NextGenSpice.Numerics\NextGenSpice.Numerics.csproj", "{DA54F732-4088-483D-BC38-B09E0172415B}"
EndProject
Project("{9A19103F-16F7-4668-BE54-9A1E7A4F7556}") = "NextGenSpice.Parser", "src\NextGenSpice.Parser\NextGenSpice.Parser.csproj", "{5D68F0F8-6A2F-4843-ACA7-67F7E3F23B08}"
EndProject
Project("{2150E333-8FDC-42A3-9474-1A3956D46DE8}") = "src", "src", "{5376D5FC-6269-4719-9826-A2E11846595B}"
EndProject
Project("{2150E333-8FDC-42A3-9474-1A3956D46DE8}") = "tests", "tests", "{CD34041C-48C7-4AD9-B53B-BD21FD3D5CF7}"
EndProject
Project("{9A19103F-16F7-4668-BE54-9A1E7A4F7556}") = "NextGenSpice.Core.Test", "tests\NextGenSpice.Core.Test\NextGenSpice.Core.Test.csproj", "{26367E32-4284-4368-A812-B56F626B1607}"
EndProject
Project("{9A19103F-16F7-4668-BE54-9A1E7A4F7556}") = "NextGenSpice.LargeSignal.Test", "tests\NextGenSpice.LargeSignal.Test\NextGenSpice.LargeSignal.Test.csproj", "{7FFF51D8-5E61-48BE-A343-28B374249800}"
EndProject
Project("{9A19103F-16F7-4668-BE54-9A1E7A4F7556}") = "NextGenSpice.Parser.Test", "tests\NextGenSpice.Parser.Test\NextGenSpice.Parser.Test.csproj", "{1B9FC99F-DD03-4820-8B39-EAB209BA3606}"
EndProject
Project("{9A19103F-16F7-4668-BE54-9A1E7A4F7556}") = "SandboxRunner", "tests\SandboxRunner\SandboxRunner.csproj", "{055B31CF-A305-45B6-B6B4-9BD1C4FDFB2A}"
EndProject
Project("{2150E333-8FDC-42A3-9474-1A3956D46DE8}") = "Solution Items", "Solution Items", "{1D238383-D549-4693-8BA9-ED81FD224214}"
	ProjectSection(SolutionItems) = preProject
		.gitattributes = .gitattributes
		.gitignore = .gitignore
		docfx.json = docfx.json
		index.md = index.md
		LICENSE.TXT = LICENSE.TXT
		README.md = README.md
		toc.yml = toc.yml
	EndProjectSection
EndProject
Project("{9A19103F-16F7-4668-BE54-9A1E7A4F7556}") = "NextGenSpice", "src\NextGenSpice\NextGenSpice.csproj", "{C800C14A-ECED-428F-9E07-C1C5C69AC320}"
EndProject
Global
	GlobalSection(SolutionConfigurationPlatforms) = preSolution
		Debug|Any CPU = Debug|Any CPU
		Debug|x64 = Debug|x64
		Debug|x86 = Debug|x86
		Release|Any CPU = Release|Any CPU
		Release|x64 = Release|x64
		Release|x86 = Release|x86
	EndGlobalSection
	GlobalSection(ProjectConfigurationPlatforms) = postSolution
		{B5F06554-21B8-4026-950C-C50D2493D89B}.Debug|Any CPU.ActiveCfg = Debug|Win32
		{B5F06554-21B8-4026-950C-C50D2493D89B}.Debug|x64.ActiveCfg = Debug|x64
		{B5F06554-21B8-4026-950C-C50D2493D89B}.Debug|x64.Build.0 = Debug|x64
		{B5F06554-21B8-4026-950C-C50D2493D89B}.Debug|x86.ActiveCfg = Debug|Win32
		{B5F06554-21B8-4026-950C-C50D2493D89B}.Debug|x86.Build.0 = Debug|Win32
		{B5F06554-21B8-4026-950C-C50D2493D89B}.Release|Any CPU.ActiveCfg = Release|Win32
		{B5F06554-21B8-4026-950C-C50D2493D89B}.Release|x64.ActiveCfg = Release|x64
		{B5F06554-21B8-4026-950C-C50D2493D89B}.Release|x64.Build.0 = Release|x64
		{B5F06554-21B8-4026-950C-C50D2493D89B}.Release|x86.ActiveCfg = Release|Win32
		{B5F06554-21B8-4026-950C-C50D2493D89B}.Release|x86.Build.0 = Release|Win32
		{3307F045-138D-450B-9970-CFBBE1B64C12}.Debug|Any CPU.ActiveCfg = Debug|Any CPU
		{3307F045-138D-450B-9970-CFBBE1B64C12}.Debug|Any CPU.Build.0 = Debug|Any CPU
		{3307F045-138D-450B-9970-CFBBE1B64C12}.Debug|x64.ActiveCfg = Debug|Any CPU
		{3307F045-138D-450B-9970-CFBBE1B64C12}.Debug|x64.Build.0 = Debug|Any CPU
		{3307F045-138D-450B-9970-CFBBE1B64C12}.Debug|x86.ActiveCfg = Debug|Any CPU
		{3307F045-138D-450B-9970-CFBBE1B64C12}.Debug|x86.Build.0 = Debug|Any CPU
		{3307F045-138D-450B-9970-CFBBE1B64C12}.Release|Any CPU.ActiveCfg = Release|Any CPU
		{3307F045-138D-450B-9970-CFBBE1B64C12}.Release|Any CPU.Build.0 = Release|Any CPU
		{3307F045-138D-450B-9970-CFBBE1B64C12}.Release|x64.ActiveCfg = Release|Any CPU
		{3307F045-138D-450B-9970-CFBBE1B64C12}.Release|x64.Build.0 = Release|Any CPU
		{3307F045-138D-450B-9970-CFBBE1B64C12}.Release|x86.ActiveCfg = Release|Any CPU
		{3307F045-138D-450B-9970-CFBBE1B64C12}.Release|x86.Build.0 = Release|Any CPU
		{C90D6EDB-05D6-47D5-A105-7183EF2745EC}.Debug|Any CPU.ActiveCfg = Debug|Any CPU
		{C90D6EDB-05D6-47D5-A105-7183EF2745EC}.Debug|Any CPU.Build.0 = Debug|Any CPU
		{C90D6EDB-05D6-47D5-A105-7183EF2745EC}.Debug|x64.ActiveCfg = Debug|Any CPU
		{C90D6EDB-05D6-47D5-A105-7183EF2745EC}.Debug|x64.Build.0 = Debug|Any CPU
		{C90D6EDB-05D6-47D5-A105-7183EF2745EC}.Debug|x86.ActiveCfg = Debug|Any CPU
		{C90D6EDB-05D6-47D5-A105-7183EF2745EC}.Debug|x86.Build.0 = Debug|Any CPU
		{C90D6EDB-05D6-47D5-A105-7183EF2745EC}.Release|Any CPU.ActiveCfg = Release|Any CPU
		{C90D6EDB-05D6-47D5-A105-7183EF2745EC}.Release|Any CPU.Build.0 = Release|Any CPU
		{C90D6EDB-05D6-47D5-A105-7183EF2745EC}.Release|x64.ActiveCfg = Release|Any CPU
		{C90D6EDB-05D6-47D5-A105-7183EF2745EC}.Release|x64.Build.0 = Release|Any CPU
		{C90D6EDB-05D6-47D5-A105-7183EF2745EC}.Release|x86.ActiveCfg = Release|Any CPU
		{C90D6EDB-05D6-47D5-A105-7183EF2745EC}.Release|x86.Build.0 = Release|Any CPU
		{DA54F732-4088-483D-BC38-B09E0172415B}.Debug|Any CPU.ActiveCfg = Debug|Any CPU
		{DA54F732-4088-483D-BC38-B09E0172415B}.Debug|Any CPU.Build.0 = Debug|Any CPU
		{DA54F732-4088-483D-BC38-B09E0172415B}.Debug|x64.ActiveCfg = Debug|Any CPU
		{DA54F732-4088-483D-BC38-B09E0172415B}.Debug|x64.Build.0 = Debug|Any CPU
		{DA54F732-4088-483D-BC38-B09E0172415B}.Debug|x86.ActiveCfg = Debug|Any CPU
		{DA54F732-4088-483D-BC38-B09E0172415B}.Debug|x86.Build.0 = Debug|Any CPU
		{DA54F732-4088-483D-BC38-B09E0172415B}.Release|Any CPU.ActiveCfg = Release|Any CPU
		{DA54F732-4088-483D-BC38-B09E0172415B}.Release|Any CPU.Build.0 = Release|Any CPU
		{DA54F732-4088-483D-BC38-B09E0172415B}.Release|x64.ActiveCfg = Release|Any CPU
		{DA54F732-4088-483D-BC38-B09E0172415B}.Release|x64.Build.0 = Release|Any CPU
		{DA54F732-4088-483D-BC38-B09E0172415B}.Release|x86.ActiveCfg = Release|Any CPU
		{DA54F732-4088-483D-BC38-B09E0172415B}.Release|x86.Build.0 = Release|Any CPU
		{5D68F0F8-6A2F-4843-ACA7-67F7E3F23B08}.Debug|Any CPU.ActiveCfg = Debug|Any CPU
		{5D68F0F8-6A2F-4843-ACA7-67F7E3F23B08}.Debug|Any CPU.Build.0 = Debug|Any CPU
		{5D68F0F8-6A2F-4843-ACA7-67F7E3F23B08}.Debug|x64.ActiveCfg = Debug|Any CPU
		{5D68F0F8-6A2F-4843-ACA7-67F7E3F23B08}.Debug|x64.Build.0 = Debug|Any CPU
		{5D68F0F8-6A2F-4843-ACA7-67F7E3F23B08}.Debug|x86.ActiveCfg = Debug|Any CPU
		{5D68F0F8-6A2F-4843-ACA7-67F7E3F23B08}.Debug|x86.Build.0 = Debug|Any CPU
		{5D68F0F8-6A2F-4843-ACA7-67F7E3F23B08}.Release|Any CPU.ActiveCfg = Release|Any CPU
		{5D68F0F8-6A2F-4843-ACA7-67F7E3F23B08}.Release|Any CPU.Build.0 = Release|Any CPU
		{5D68F0F8-6A2F-4843-ACA7-67F7E3F23B08}.Release|x64.ActiveCfg = Release|Any CPU
		{5D68F0F8-6A2F-4843-ACA7-67F7E3F23B08}.Release|x64.Build.0 = Release|Any CPU
		{5D68F0F8-6A2F-4843-ACA7-67F7E3F23B08}.Release|x86.ActiveCfg = Release|Any CPU
		{5D68F0F8-6A2F-4843-ACA7-67F7E3F23B08}.Release|x86.Build.0 = Release|Any CPU
		{26367E32-4284-4368-A812-B56F626B1607}.Debug|Any CPU.ActiveCfg = Debug|Any CPU
		{26367E32-4284-4368-A812-B56F626B1607}.Debug|Any CPU.Build.0 = Debug|Any CPU
		{26367E32-4284-4368-A812-B56F626B1607}.Debug|x64.ActiveCfg = Debug|Any CPU
		{26367E32-4284-4368-A812-B56F626B1607}.Debug|x64.Build.0 = Debug|Any CPU
		{26367E32-4284-4368-A812-B56F626B1607}.Debug|x86.ActiveCfg = Debug|Any CPU
		{26367E32-4284-4368-A812-B56F626B1607}.Debug|x86.Build.0 = Debug|Any CPU
		{26367E32-4284-4368-A812-B56F626B1607}.Release|Any CPU.ActiveCfg = Release|Any CPU
		{26367E32-4284-4368-A812-B56F626B1607}.Release|Any CPU.Build.0 = Release|Any CPU
		{26367E32-4284-4368-A812-B56F626B1607}.Release|x64.ActiveCfg = Release|Any CPU
		{26367E32-4284-4368-A812-B56F626B1607}.Release|x64.Build.0 = Release|Any CPU
		{26367E32-4284-4368-A812-B56F626B1607}.Release|x86.ActiveCfg = Release|Any CPU
		{26367E32-4284-4368-A812-B56F626B1607}.Release|x86.Build.0 = Release|Any CPU
		{7FFF51D8-5E61-48BE-A343-28B374249800}.Debug|Any CPU.ActiveCfg = Debug|Any CPU
		{7FFF51D8-5E61-48BE-A343-28B374249800}.Debug|Any CPU.Build.0 = Debug|Any CPU
		{7FFF51D8-5E61-48BE-A343-28B374249800}.Debug|x64.ActiveCfg = Debug|Any CPU
		{7FFF51D8-5E61-48BE-A343-28B374249800}.Debug|x64.Build.0 = Debug|Any CPU
		{7FFF51D8-5E61-48BE-A343-28B374249800}.Debug|x86.ActiveCfg = Debug|Any CPU
		{7FFF51D8-5E61-48BE-A343-28B374249800}.Debug|x86.Build.0 = Debug|Any CPU
		{7FFF51D8-5E61-48BE-A343-28B374249800}.Release|Any CPU.ActiveCfg = Release|Any CPU
		{7FFF51D8-5E61-48BE-A343-28B374249800}.Release|Any CPU.Build.0 = Release|Any CPU
		{7FFF51D8-5E61-48BE-A343-28B374249800}.Release|x64.ActiveCfg = Release|Any CPU
		{7FFF51D8-5E61-48BE-A343-28B374249800}.Release|x64.Build.0 = Release|Any CPU
		{7FFF51D8-5E61-48BE-A343-28B374249800}.Release|x86.ActiveCfg = Release|Any CPU
		{7FFF51D8-5E61-48BE-A343-28B374249800}.Release|x86.Build.0 = Release|Any CPU
		{1B9FC99F-DD03-4820-8B39-EAB209BA3606}.Debug|Any CPU.ActiveCfg = Debug|Any CPU
		{1B9FC99F-DD03-4820-8B39-EAB209BA3606}.Debug|Any CPU.Build.0 = Debug|Any CPU
		{1B9FC99F-DD03-4820-8B39-EAB209BA3606}.Debug|x64.ActiveCfg = Debug|Any CPU
		{1B9FC99F-DD03-4820-8B39-EAB209BA3606}.Debug|x64.Build.0 = Debug|Any CPU
		{1B9FC99F-DD03-4820-8B39-EAB209BA3606}.Debug|x86.ActiveCfg = Debug|Any CPU
		{1B9FC99F-DD03-4820-8B39-EAB209BA3606}.Debug|x86.Build.0 = Debug|Any CPU
		{1B9FC99F-DD03-4820-8B39-EAB209BA3606}.Release|Any CPU.ActiveCfg = Release|Any CPU
		{1B9FC99F-DD03-4820-8B39-EAB209BA3606}.Release|Any CPU.Build.0 = Release|Any CPU
		{1B9FC99F-DD03-4820-8B39-EAB209BA3606}.Release|x64.ActiveCfg = Release|Any CPU
		{1B9FC99F-DD03-4820-8B39-EAB209BA3606}.Release|x64.Build.0 = Release|Any CPU
		{1B9FC99F-DD03-4820-8B39-EAB209BA3606}.Release|x86.ActiveCfg = Release|Any CPU
		{1B9FC99F-DD03-4820-8B39-EAB209BA3606}.Release|x86.Build.0 = Release|Any CPU
		{055B31CF-A305-45B6-B6B4-9BD1C4FDFB2A}.Debug|Any CPU.ActiveCfg = Debug|Any CPU
		{055B31CF-A305-45B6-B6B4-9BD1C4FDFB2A}.Debug|Any CPU.Build.0 = Debug|Any CPU
		{055B31CF-A305-45B6-B6B4-9BD1C4FDFB2A}.Debug|x64.ActiveCfg = Debug|Any CPU
		{055B31CF-A305-45B6-B6B4-9BD1C4FDFB2A}.Debug|x64.Build.0 = Debug|Any CPU
		{055B31CF-A305-45B6-B6B4-9BD1C4FDFB2A}.Debug|x86.ActiveCfg = Debug|Any CPU
		{055B31CF-A305-45B6-B6B4-9BD1C4FDFB2A}.Debug|x86.Build.0 = Debug|Any CPU
		{055B31CF-A305-45B6-B6B4-9BD1C4FDFB2A}.Release|Any CPU.ActiveCfg = Release|Any CPU
		{055B31CF-A305-45B6-B6B4-9BD1C4FDFB2A}.Release|Any CPU.Build.0 = Release|Any CPU
		{055B31CF-A305-45B6-B6B4-9BD1C4FDFB2A}.Release|x64.ActiveCfg = Release|Any CPU
		{055B31CF-A305-45B6-B6B4-9BD1C4FDFB2A}.Release|x64.Build.0 = Release|Any CPU
		{055B31CF-A305-45B6-B6B4-9BD1C4FDFB2A}.Release|x86.ActiveCfg = Release|Any CPU
		{055B31CF-A305-45B6-B6B4-9BD1C4FDFB2A}.Release|x86.Build.0 = Release|Any CPU
		{C800C14A-ECED-428F-9E07-C1C5C69AC320}.Debug|Any CPU.ActiveCfg = Debug|Any CPU
		{C800C14A-ECED-428F-9E07-C1C5C69AC320}.Debug|Any CPU.Build.0 = Debug|Any CPU
		{C800C14A-ECED-428F-9E07-C1C5C69AC320}.Debug|x64.ActiveCfg = Debug|Any CPU
		{C800C14A-ECED-428F-9E07-C1C5C69AC320}.Debug|x64.Build.0 = Debug|Any CPU
		{C800C14A-ECED-428F-9E07-C1C5C69AC320}.Debug|x86.ActiveCfg = Debug|Any CPU
		{C800C14A-ECED-428F-9E07-C1C5C69AC320}.Debug|x86.Build.0 = Debug|Any CPU
		{C800C14A-ECED-428F-9E07-C1C5C69AC320}.Release|Any CPU.ActiveCfg = Release|Any CPU
		{C800C14A-ECED-428F-9E07-C1C5C69AC320}.Release|Any CPU.Build.0 = Release|Any CPU
		{C800C14A-ECED-428F-9E07-C1C5C69AC320}.Release|x64.ActiveCfg = Release|Any CPU
		{C800C14A-ECED-428F-9E07-C1C5C69AC320}.Release|x64.Build.0 = Release|Any CPU
		{C800C14A-ECED-428F-9E07-C1C5C69AC320}.Release|x86.ActiveCfg = Release|Any CPU
		{C800C14A-ECED-428F-9E07-C1C5C69AC320}.Release|x86.Build.0 = Release|Any CPU
	EndGlobalSection
	GlobalSection(SolutionProperties) = preSolution
		HideSolutionNode = FALSE
	EndGlobalSection
	GlobalSection(NestedProjects) = preSolution
		{B5F06554-21B8-4026-950C-C50D2493D89B} = {5376D5FC-6269-4719-9826-A2E11846595B}
		{3307F045-138D-450B-9970-CFBBE1B64C12} = {5376D5FC-6269-4719-9826-A2E11846595B}
		{C90D6EDB-05D6-47D5-A105-7183EF2745EC} = {5376D5FC-6269-4719-9826-A2E11846595B}
		{DA54F732-4088-483D-BC38-B09E0172415B} = {5376D5FC-6269-4719-9826-A2E11846595B}
		{5D68F0F8-6A2F-4843-ACA7-67F7E3F23B08} = {5376D5FC-6269-4719-9826-A2E11846595B}
		{26367E32-4284-4368-A812-B56F626B1607} = {CD34041C-48C7-4AD9-B53B-BD21FD3D5CF7}
		{7FFF51D8-5E61-48BE-A343-28B374249800} = {CD34041C-48C7-4AD9-B53B-BD21FD3D5CF7}
		{1B9FC99F-DD03-4820-8B39-EAB209BA3606} = {CD34041C-48C7-4AD9-B53B-BD21FD3D5CF7}
		{055B31CF-A305-45B6-B6B4-9BD1C4FDFB2A} = {CD34041C-48C7-4AD9-B53B-BD21FD3D5CF7}
		{C800C14A-ECED-428F-9E07-C1C5C69AC320} = {5376D5FC-6269-4719-9826-A2E11846595B}
	EndGlobalSection
	GlobalSection(ExtensibilityGlobals) = postSolution
		SolutionGuid = {20E3E9F3-9C10-4575-966A-015389F99953}
	EndGlobalSection
EndGlobal
